
Microsoft Visual Studio Solution File, Format Version 12.00
# Visual Studio Version 17
VisualStudioVersion = 17.1.32407.343
MinimumVisualStudioVersion = 10.0.40219.1
Project("{9A19103F-16F7-4668-BE54-9A1E7A4F7556}") = "PinkJson2", "PinkJson2\PinkJson2.csproj", "{58AEBFE4-90CC-421F-AB46-18D21C0608D5}"
EndProject
Project("{9A19103F-16F7-4668-BE54-9A1E7A4F7556}") = "PinkJson2.Tests", "PinkJson2.Tests\PinkJson2.Tests.csproj", "{531262D0-D679-4A6A-8D6B-6A77483297FC}"
EndProject
Project("{9A19103F-16F7-4668-BE54-9A1E7A4F7556}") = "PinkJson2.xUnitTests", "PinkJson2.xUnitTests\PinkJson2.xUnitTests.csproj", "{98015CF3-D7DD-4CF6-B944-848507051E57}"
EndProject
Project("{9A19103F-16F7-4668-BE54-9A1E7A4F7556}") = "PinkJson2.Benchmarks", "PinkJson2.Benchmarks\PinkJson2.Benchmarks.csproj", "{FFD14B62-582B-45E2-AFA3-C0E432DDF343}"
EndProject
Project("{FAE04EC0-301F-11D3-BF4B-00C04F79EFBC}") = "PinkJson2.Tests.Common", "PinkJson2.Tests.Common\PinkJson2.Tests.Common.csproj", "{1D03E209-4188-4D40-8775-26C023AEAC7A}"
EndProject
Global
	GlobalSection(SolutionConfigurationPlatforms) = preSolution
		Debug|Any CPU = Debug|Any CPU
		Release|Any CPU = Release|Any CPU
	EndGlobalSection
	GlobalSection(ProjectConfigurationPlatforms) = postSolution
		{58AEBFE4-90CC-421F-AB46-18D21C0608D5}.Debug|Any CPU.ActiveCfg = Debug|Any CPU
		{58AEBFE4-90CC-421F-AB46-18D21C0608D5}.Debug|Any CPU.Build.0 = Debug|Any CPU
		{58AEBFE4-90CC-421F-AB46-18D21C0608D5}.Release|Any CPU.ActiveCfg = Release|Any CPU
		{58AEBFE4-90CC-421F-AB46-18D21C0608D5}.Release|Any CPU.Build.0 = Release|Any CPU
		{531262D0-D679-4A6A-8D6B-6A77483297FC}.Debug|Any CPU.ActiveCfg = Debug|Any CPU
		{531262D0-D679-4A6A-8D6B-6A77483297FC}.Debug|Any CPU.Build.0 = Debug|Any CPU
		{531262D0-D679-4A6A-8D6B-6A77483297FC}.Release|Any CPU.ActiveCfg = Release|Any CPU
		{531262D0-D679-4A6A-8D6B-6A77483297FC}.Release|Any CPU.Build.0 = Release|Any CPU
		{98015CF3-D7DD-4CF6-B944-848507051E57}.Debug|Any CPU.ActiveCfg = Debug|Any CPU
		{98015CF3-D7DD-4CF6-B944-848507051E57}.Debug|Any CPU.Build.0 = Debug|Any CPU
		{98015CF3-D7DD-4CF6-B944-848507051E57}.Release|Any CPU.ActiveCfg = Release|Any CPU
		{98015CF3-D7DD-4CF6-B944-848507051E57}.Release|Any CPU.Build.0 = Release|Any CPU
		{FFD14B62-582B-45E2-AFA3-C0E432DDF343}.Debug|Any CPU.ActiveCfg = Debug|Any CPU
		{FFD14B62-582B-45E2-AFA3-C0E432DDF343}.Debug|Any CPU.Build.0 = Debug|Any CPU
		{FFD14B62-582B-45E2-AFA3-C0E432DDF343}.Release|Any CPU.ActiveCfg = Release|Any CPU
		{FFD14B62-582B-45E2-AFA3-C0E432DDF343}.Release|Any CPU.Build.0 = Release|Any CPU
		{1D03E209-4188-4D40-8775-26C023AEAC7A}.Debug|Any CPU.ActiveCfg = Debug|Any CPU
		{1D03E209-4188-4D40-8775-26C023AEAC7A}.Debug|Any CPU.Build.0 = Debug|Any CPU
		{1D03E209-4188-4D40-8775-26C023AEAC7A}.Release|Any CPU.ActiveCfg = Release|Any CPU
		{1D03E209-4188-4D40-8775-26C023AEAC7A}.Release|Any CPU.Build.0 = Release|Any CPU
	EndGlobalSection
	GlobalSection(SolutionProperties) = preSolution
		HideSolutionNode = FALSE
	EndGlobalSection
	GlobalSection(ExtensibilityGlobals) = postSolution
		SolutionGuid = {A5CAAC81-35E9-441E-919B-CF8BDC399E43}
	EndGlobalSection
EndGlobal
